{
  "name": "DittoADProject",
  "lockfileVersion": 3,
  "requires": true,
  "packages": {
    "": {
      "dependencies": {
        "@clerk/themes": "^2.2.2"
      }
    },
    "node_modules/@clerk/themes": {
      "version": "2.2.2",
      "resolved": "https://registry.npmjs.org/@clerk/themes/-/themes-2.2.2.tgz",
      "integrity": "sha512-VINTqMeJgPyhGL8AjdvET/osQ2lczPGk8gGZmIjsz8mxjGadqZ2a7/khVEdQUxv3R6sHwSMfH5e4W8zKOoGQQw==",
      "license": "MIT",
      "dependencies": {
        "@clerk/types": "^4.39.4",
        "tslib": "2.4.1"
      },
      "engines": {
        "node": ">=18.17.0"
      }
    },
    "node_modules/@clerk/types": {
      "version": "4.39.4",
      "resolved": "https://registry.npmjs.org/@clerk/types/-/types-4.39.4.tgz",
      "integrity": "sha512-qBtCyTM6oHiFbAGo5hUUvl6INZJeX5ZKRWkIz3v3dNWYFp096nYWPjqv2RmoQCLkYJM7m5dnGWgBUa33xOVD3A==",
      "license": "MIT",
      "dependencies": {
        "csstype": "3.1.1"
      },
      "engines": {
        "node": ">=18.17.0"
      }
    },
    "node_modules/csstype": {
      "version": "3.1.1",
      "resolved": "https://registry.npmjs.org/csstype/-/csstype-3.1.1.tgz",
      "integrity": "sha512-DJR/VvkAvSZW9bTouZue2sSxDwdTN92uHjqeKVm+0dAqdfNykRzQ95tay8aXMBAAPpUiq4Qcug2L7neoRh2Egw==",
      "license": "MIT"
    },
    "node_modules/tslib": {
      "version": "2.4.1",
      "resolved": "https://registry.npmjs.org/tslib/-/tslib-2.4.1.tgz",
      "integrity": "sha512-tGyy4dAjRIEwI7BzsB0lynWgOpfqjUdq91XXAlIWD2OwKBH7oCl/GZG/HT4BOHrTlPMOASlMQ7veyTqpmRcrNA==",
      "license": "0BSD"
    }
  }
}
